// !$*UTF8*$!
{
	archiveVersion = 1;
	classes = {
	};
	objectVersion = 56;
	objects = {

/* Begin PBXBuildFile section */
		D00337522A23DC3B00F4F519 /* AppDelegate.swift in Sources */ = {isa = PBXBuildFile; fileRef = D00337512A23DC3B00F4F519 /* AppDelegate.swift */; };
		D00337542A23DC3B00F4F519 /* SceneDelegate.swift in Sources */ = {isa = PBXBuildFile; fileRef = D00337532A23DC3B00F4F519 /* SceneDelegate.swift */; };
		D00337562A23DC3B00F4F519 /* ViewController.swift in Sources */ = {isa = PBXBuildFile; fileRef = D00337552A23DC3B00F4F519 /* ViewController.swift */; };
		D00337592A23DC3B00F4F519 /* Main.storyboard in Resources */ = {isa = PBXBuildFile; fileRef = D00337572A23DC3B00F4F519 /* Main.storyboard */; };
		D003375B2A23DC3C00F4F519 /* Assets.xcassets in Resources */ = {isa = PBXBuildFile; fileRef = D003375A2A23DC3C00F4F519 /* Assets.xcassets */; };
		D003375E2A23DC3C00F4F519 /* LaunchScreen.storyboard in Resources */ = {isa = PBXBuildFile; fileRef = D003375C2A23DC3C00F4F519 /* LaunchScreen.storyboard */; };
		D00337662A23DDBF00F4F519 /* CatalogCollectionViewCell.swift in Sources */ = {isa = PBXBuildFile; fileRef = D00337652A23DDBF00F4F519 /* CatalogCollectionViewCell.swift */; };
		D00337682A23DED800F4F519 /* Catalog.swift in Sources */ = {isa = PBXBuildFile; fileRef = D00337672A23DED800F4F519 /* Catalog.swift */; };
		D0A308462A2570FB00910D1D /* APICall.swift in Sources */ = {isa = PBXBuildFile; fileRef = D0A308452A2570FB00910D1D /* APICall.swift */; };
/* End PBXBuildFile section */

/* Begin PBXFileReference section */
		D003374E2A23DC3B00F4F519 /* LearningCollectionView.app */ = {isa = PBXFileReference; explicitFileType = wrapper.application; includeInIndex = 0; path = LearningCollectionView.app; sourceTree = BUILT_PRODUCTS_DIR; };
		D00337512A23DC3B00F4F519 /* AppDelegate.swift */ = {isa = PBXFileReference; lastKnownFileType = sourcecode.swift; path = AppDelegate.swift; sourceTree = "<group>"; };
		D00337532A23DC3B00F4F519 /* SceneDelegate.swift */ = {isa = PBXFileReference; lastKnownFileType = sourcecode.swift; path = SceneDelegate.swift; sourceTree = "<group>"; };
		D00337552A23DC3B00F4F519 /* ViewController.swift */ = {isa = PBXFileReference; lastKnownFileType = sourcecode.swift; path = ViewController.swift; sourceTree = "<group>"; };
		D00337582A23DC3B00F4F519 /* Base */ = {isa = PBXFileReference; lastKnownFileType = file.storyboard; name = Base; path = Base.lproj/Main.storyboard; sourceTree = "<group>"; };
		D003375A2A23DC3C00F4F519 /* Assets.xcassets */ = {isa = PBXFileReference; lastKnownFileType = folder.assetcatalog; path = Assets.xcassets; sourceTree = "<group>"; };
		D003375D2A23DC3C00F4F519 /* Base */ = {isa = PBXFileReference; lastKnownFileType = file.storyboard; name = Base; path = Base.lproj/LaunchScreen.storyboard; sourceTree = "<group>"; };
		D003375F2A23DC3C00F4F519 /* Info.plist */ = {isa = PBXFileReference; lastKnownFileType = text.plist.xml; path = Info.plist; sourceTree = "<group>"; };
		D00337652A23DDBF00F4F519 /* CatalogCollectionViewCell.swift */ = {isa = PBXFileReference; lastKnownFileType = sourcecode.swift; path = CatalogCollectionViewCell.swift; sourceTree = "<group>"; };
		D00337672A23DED800F4F519 /* Catalog.swift */ = {isa = PBXFileReference; lastKnownFileType = sourcecode.swift; path = Catalog.swift; sourceTree = "<group>"; };
		D0A308452A2570FB00910D1D /* APICall.swift */ = {isa = PBXFileReference; lastKnownFileType = sourcecode.swift; path = APICall.swift; sourceTree = "<group>"; };
/* End PBXFileReference section */

/* Begin PBXFrameworksBuildPhase section */
		D003374B2A23DC3B00F4F519 /* Frameworks */ = {
			isa = PBXFrameworksBuildPhase;
			buildActionMask = 2147483647;
			files = (
			);
			runOnlyForDeploymentPostprocessing = 0;
		};
/* End PBXFrameworksBuildPhase section */

/* Begin PBXGroup section */
		D00337452A23DC3B00F4F519 = {
			isa = PBXGroup;
			children = (
				D00337502A23DC3B00F4F519 /* LearningCollectionView */,
				D003374F2A23DC3B00F4F519 /* Products */,
			);
			sourceTree = "<group>";
		};
		D003374F2A23DC3B00F4F519 /* Products */ = {
			isa = PBXGroup;
			children = (
				D003374E2A23DC3B00F4F519 /* LearningCollectionView.app */,
			);
			name = Products;
			sourceTree = "<group>";
		};
		D00337502A23DC3B00F4F519 /* LearningCollectionView */ = {
			isa = PBXGroup;
			children = (
				D0A308452A2570FB00910D1D /* APICall.swift */,
				D00337512A23DC3B00F4F519 /* AppDelegate.swift */,
				D00337532A23DC3B00F4F519 /* SceneDelegate.swift */,
				D00337552A23DC3B00F4F519 /* ViewController.swift */,
				D00337672A23DED800F4F519 /* Catalog.swift */,
				D00337572A23DC3B00F4F519 /* Main.storyboard */,
				D00337652A23DDBF00F4F519 /* CatalogCollectionViewCell.swift */,
				D003375A2A23DC3C00F4F519 /* Assets.xcassets */,
				D003375C2A23DC3C00F4F519 /* LaunchScreen.storyboard */,
				D003375F2A23DC3C00F4F519 /* Info.plist */,
			);
			path = LearningCollectionView;
			sourceTree = "<group>";
		};
/* End PBXGroup section */

/* Begin PBXNativeTarget section */
		D003374D2A23DC3B00F4F519 /* LearningCollectionView */ = {
			isa = PBXNativeTarget;
			buildConfigurationList = D00337622A23DC3C00F4F519 /* Build configuration list for PBXNativeTarget "LearningCollectionView" */;
			buildPhases = (
				D003374A2A23DC3B00F4F519 /* Sources */,
				D003374B2A23DC3B00F4F519 /* Frameworks */,
				D003374C2A23DC3B00F4F519 /* Resources */,
			);
			buildRules = (
			);
			dependencies = (
			);
			name = LearningCollectionView;
			productName = LearningCollectionView;
			productReference = D003374E2A23DC3B00F4F519 /* LearningCollectionView.app */;
			productType = "com.apple.product-type.application";
		};
/* End PBXNativeTarget section */

/* Begin PBXProject section */
		D00337462A23DC3B00F4F519 /* Project object */ = {
			isa = PBXProject;
			attributes = {
				BuildIndependentTargetsInParallel = 1;
				LastSwiftUpdateCheck = 1430;
				LastUpgradeCheck = 1430;
				TargetAttributes = {
					D003374D2A23DC3B00F4F519 = {
						CreatedOnToolsVersion = 14.3;
					};
				};
			};
			buildConfigurationList = D00337492A23DC3B00F4F519 /* Build configuration list for PBXProject "LearningCollectionView" */;
			compatibilityVersion = "Xcode 14.0";
			developmentRegion = en;
			hasScannedForEncodings = 0;
			knownRegions = (
				en,
				Base,
			);
			mainGroup = D00337452A23DC3B00F4F519;
			productRefGroup = D003374F2A23DC3B00F4F519 /* Products */;
			projectDirPath = "";
			projectRoot = "";
			targets = (
				D003374D2A23DC3B00F4F519 /* LearningCollectionView */,
			);
		};
/* End PBXProject section */

/* Begin PBXResourcesBuildPhase section */
		D003374C2A23DC3B00F4F519 /* Resources */ = {
			isa = PBXResourcesBuildPhase;
			buildActionMask = 2147483647;
			files = (
				D003375E2A23DC3C00F4F519 /* LaunchScreen.storyboard in Resources */,
				D003375B2A23DC3C00F4F519 /* Assets.xcassets in Resources */,
				D00337592A23DC3B00F4F519 /* Main.storyboard in Resources */,
			);
			runOnlyForDeploymentPostprocessing = 0;
		};
/* End PBXResourcesBuildPhase section */

/* Begin PBXSourcesBuildPhase section */
		D003374A2A23DC3B00F4F519 /* Sources */ = {
			isa = PBXSourcesBuildPhase;
			buildActionMask = 2147483647;
			files = (
				D00337682A23DED800F4F519 /* Catalog.swift in Sources */,
				D00337662A23DDBF00F4F519 /* CatalogCollectionViewCell.swift in Sources */,
				D0A308462A2570FB00910D1D /* APICall.swift in Sources */,
				D00337562A23DC3B00F4F519 /* ViewController.swift in Sources */,
				D00337522A23DC3B00F4F519 /* AppDelegate.swift in Sources */,
				D00337542A23DC3B00F4F519 /* SceneDelegate.swift in Sources */,
			);
			runOnlyForDeploymentPostprocessing = 0;
		};
/* End PBXSourcesBuildPhase section */

/* Begin PBXVariantGroup section */
		D00337572A23DC3B00F4F519 /* Main.storyboard */ = {
			isa = PBXVariantGroup;
			children = (
				D00337582A23DC3B00F4F519 /* Base */,
			);
			name = Main.storyboard;
			sourceTree = "<group>";
		};
		D003375C2A23DC3C00F4F519 /* LaunchScreen.storyboard */ = {
			isa = PBXVariantGroup;
			children = (
				D003375D2A23DC3C00F4F519 /* Base */,
			);
			name = LaunchScreen.storyboard;
			sourceTree = "<group>";
		};
/* End PBXVariantGroup section */

/* Begin XCBuildConfiguration section */
		D00337602A23DC3C00F4F519 /* Debug */ = {
			isa = XCBuildConfiguration;
			buildSettings = {
				ALWAYS_SEARCH_USER_PATHS = NO;
				CLANG_ANALYZER_NONNULL = YES;
				CLANG_ANALYZER_NUMBER_OBJECT_CONVERSION = YES_AGGRESSIVE;
				CLANG_CXX_LANGUAGE_STANDARD = "gnu++20";
				CLANG_ENABLE_MODULES = YES;
				CLANG_ENABLE_OBJC_ARC = YES;
				CLANG_ENABLE_OBJC_WEAK = YES;
				CLANG_WARN_BLOCK_CAPTURE_AUTORELEASING = YES;
				CLANG_WARN_BOOL_CONVERSION = YES;
				CLANG_WARN_COMMA = YES;
				CLANG_WARN_CONSTANT_CONVERSION = YES;
				CLANG_WARN_DEPRECATED_OBJC_IMPLEMENTATIONS = YES;
				CLANG_WARN_DIRECT_OBJC_ISA_USAGE = YES_ERROR;
				CLANG_WARN_DOCUMENTATION_COMMENTS = YES;
				CLANG_WARN_EMPTY_BODY = YES;
				CLANG_WARN_ENUM_CONVERSION = YES;
				CLANG_WARN_INFINITE_RECURSION = YES;
				CLANG_WARN_INT_CONVERSION = YES;
				CLANG_WARN_NON_LITERAL_NULL_CONVERSION = YES;
				CLANG_WARN_OBJC_IMPLICIT_RETAIN_SELF = YES;
				CLANG_WARN_OBJC_LITERAL_CONVERSION = YES;
				CLANG_WARN_OBJC_ROOT_CLASS = YES_ERROR;
				CLANG_WARN_QUOTED_INCLUDE_IN_FRAMEWORK_HEADER = YES;
				CLANG_WARN_RANGE_LOOP_ANALYSIS = YES;
				CLANG_WARN_STRICT_PROTOTYPES = YES;
				CLANG_WARN_SUSPICIOUS_MOVE = YES;
				CLANG_WARN_UNGUARDED_AVAILABILITY = YES_AGGRESSIVE;
				CLANG_WARN_UNREACHABLE_CODE = YES;
				CLANG_WARN__DUPLICATE_METHOD_MATCH = YES;
				COPY_PHASE_STRIP = NO;
				DEBUG_INFORMATION_FORMAT = dwarf;
				ENABLE_STRICT_OBJC_MSGSEND = YES;
				ENABLE_TESTABILITY = YES;
				GCC_C_LANGUAGE_STANDARD = gnu11;
				GCC_DYNAMIC_NO_PIC = NO;
				GCC_NO_COMMON_BLOCKS = YES;
				GCC_OPTIMIZATION_LEVEL = 0;
				GCC_PREPROCESSOR_DEFINITIONS = (
					"DEBUG=1",
					"$(inherited)",
				);
				GCC_WARN_64_TO_32_BIT_CONVERSION = YES;
				GCC_WARN_ABOUT_RETURN_TYPE = YES_ERROR;
				GCC_WARN_UNDECLARED_SELECTOR = YES;
				GCC_WARN_UNINITIALIZED_AUTOS = YES_AGGRESSIVE;
				GCC_WARN_UNUSED_FUNCTION = YES;
				GCC_WARN_UNUSED_VARIABLE = YES;
				IPHONEOS_DEPLOYMENT_TARGET = 16.4;
				MTL_ENABLE_DEBUG_INFO = INCLUDE_SOURCE;
				MTL_FAST_MATH = YES;
				ONLY_ACTIVE_ARCH = YES;
				SDKROOT = iphoneos;
				SWIFT_ACTIVE_COMPILATION_CONDITIONS = DEBUG;
				SWIFT_OPTIMIZATION_LEVEL = "-Onone";
			};
			name = Debug;
		};
		D00337612A23DC3C00F4F519 /* Release */ = {
			isa = XCBuildConfiguration;
			buildSettings = {
				ALWAYS_SEARCH_USER_PATHS = NO;
				CLANG_ANALYZER_NONNULL = YES;
				CLANG_ANALYZER_NUMBER_OBJECT_CONVERSION = YES_AGGRESSIVE;
				CLANG_CXX_LANGUAGE_STANDARD = "gnu++20";
				CLANG_ENABLE_MODULES = YES;
				CLANG_ENABLE_OBJC_ARC = YES;
				CLANG_ENABLE_OBJC_WEAK = YES;
				CLANG_WARN_BLOCK_CAPTURE_AUTORELEASING = YES;
				CLANG_WARN_BOOL_CONVERSION = YES;
				CLANG_WARN_COMMA = YES;
				CLANG_WARN_CONSTANT_CONVERSION = YES;
				CLANG_WARN_DEPRECATED_OBJC_IMPLEMENTATIONS = YES;
				CLANG_WARN_DIRECT_OBJC_ISA_USAGE = YES_ERROR;
				CLANG_WARN_DOCUMENTATION_COMMENTS = YES;
				CLANG_WARN_EMPTY_BODY = YES;
				CLANG_WARN_ENUM_CONVERSION = YES;
				CLANG_WARN_INFINITE_RECURSION = YES;
				CLANG_WARN_INT_CONVERSION = YES;
				CLANG_WARN_NON_LITERAL_NULL_CONVERSION = YES;
				CLANG_WARN_OBJC_IMPLICIT_RETAIN_SELF = YES;
				CLANG_WARN_OBJC_LITERAL_CONVERSION = YES;
				CLANG_WARN_OBJC_ROOT_CLASS = YES_ERROR;
				CLANG_WARN_QUOTED_INCLUDE_IN_FRAMEWORK_HEADER = YES;
				CLANG_WARN_RANGE_LOOP_ANALYSIS = YES;
				CLANG_WARN_STRICT_PROTOTYPES = YES;
				CLANG_WARN_SUSPICIOUS_MOVE = YES;
				CLANG_WARN_UNGUARDED_AVAILABILITY = YES_AGGRESSIVE;
				CLANG_WARN_UNREACHABLE_CODE = YES;
				CLANG_WARN__DUPLICATE_METHOD_MATCH = YES;
				COPY_PHASE_STRIP = NO;
				DEBUG_INFORMATION_FORMAT = "dwarf-with-dsym";
				ENABLE_NS_ASSERTIONS = NO;
				ENABLE_STRICT_OBJC_MSGSEND = YES;
				GCC_C_LANGUAGE_STANDARD = gnu11;
				GCC_NO_COMMON_BLOCKS = YES;
				GCC_WARN_64_TO_32_BIT_CONVERSION = YES;
				GCC_WARN_ABOUT_RETURN_TYPE = YES_ERROR;
				GCC_WARN_UNDECLARED_SELECTOR = YES;
				GCC_WARN_UNINITIALIZED_AUTOS = YES_AGGRESSIVE;
				GCC_WARN_UNUSED_FUNCTION = YES;
				GCC_WARN_UNUSED_VARIABLE = YES;
				IPHONEOS_DEPLOYMENT_TARGET = 16.4;
				MTL_ENABLE_DEBUG_INFO = NO;
				MTL_FAST_MATH = YES;
				SDKROOT = iphoneos;
				SWIFT_COMPILATION_MODE = wholemodule;
				SWIFT_OPTIMIZATION_LEVEL = "-O";
				VALIDATE_PRODUCT = YES;
			};
			name = Release;
		};
		D00337632A23DC3C00F4F519 /* Debug */ = {
			isa = XCBuildConfiguration;
			buildSettings = {
				ASSETCATALOG_COMPILER_APPICON_NAME = AppIcon;
				ASSETCATALOG_COMPILER_GLOBAL_ACCENT_COLOR_NAME = AccentColor;
				CODE_SIGN_STYLE = Automatic;
				CURRENT_PROJECT_VERSION = 1;
				DEVELOPMENT_TEAM = 57ZJ5ZD5XZ;
				GENERATE_INFOPLIST_FILE = YES;
				INFOPLIST_FILE = LearningCollectionView/Info.plist;
				INFOPLIST_KEY_UIApplicationSupportsIndirectInputEvents = YES;
				INFOPLIST_KEY_UILaunchStoryboardName = LaunchScreen;
				INFOPLIST_KEY_UIMainStoryboardFile = Main;
				INFOPLIST_KEY_UISupportedInterfaceOrientations_iPad = "UIInterfaceOrientationPortrait UIInterfaceOrientationPortraitUpsideDown UIInterfaceOrientationLandscapeLeft UIInterfaceOrientationLandscapeRight";
				INFOPLIST_KEY_UISupportedInterfaceOrientations_iPhone = "UIInterfaceOrientationPortrait UIInterfaceOrientationLandscapeLeft UIInterfaceOrientationLandscapeRight";
				LD_RUNPATH_SEARCH_PATHS = (
					"$(inherited)",
					"@executable_path/Frameworks",
				);
				MARKETING_VERSION = 1.0;
				PRODUCT_BUNDLE_IDENTIFIER = com.pefra.LearningCollectionView;
				PRODUCT_NAME = "$(TARGET_NAME)";
				SWIFT_EMIT_LOC_STRINGS = YES;
				SWIFT_VERSION = 5.0;
				TARGETED_DEVICE_FAMILY = "1,2";
			};
			name = Debug;
		};
		D00337642A23DC3C00F4F519 /* Release */ = {
			isa = XCBuildConfiguration;
			buildSettings = {
				ASSETCATALOG_COMPILER_APPICON_NAME = AppIcon;
				ASSETCATALOG_COMPILER_GLOBAL_ACCENT_COLOR_NAME = AccentColor;
				CODE_SIGN_STYLE = Automatic;
				CURRENT_PROJECT_VERSION = 1;
				DEVELOPMENT_TEAM = 57ZJ5ZD5XZ;
				GENERATE_INFOPLIST_FILE = YES;
				INFOPLIST_FILE = LearningCollectionView/Info.plist;
				INFOPLIST_KEY_UIApplicationSupportsIndirectInputEvents = YES;
				INFOPLIST_KEY_UILaunchStoryboardName = LaunchScreen;
				INFOPLIST_KEY_UIMainStoryboardFile = Main;
				INFOPLIST_KEY_UISupportedInterfaceOrientations_iPad = "UIInterfaceOrientationPortrait UIInterfaceOrientationPortraitUpsideDown UIInterfaceOrientationLandscapeLeft UIInterfaceOrientationLandscapeRight";
				INFOPLIST_KEY_UISupportedInterfaceOrientations_iPhone = "UIInterfaceOrientationPortrait UIInterfaceOrientationLandscapeLeft UIInterfaceOrientationLandscapeRight";
				LD_RUNPATH_SEARCH_PATHS = (
					"$(inherited)",
					"@executable_path/Frameworks",
				);
				MARKETING_VERSION = 1.0;
				PRODUCT_BUNDLE_IDENTIFIER = com.pefra.LearningCollectionView;
				PRODUCT_NAME = "$(TARGET_NAME)";
				SWIFT_EMIT_LOC_STRINGS = YES;
				SWIFT_VERSION = 5.0;
				TARGETED_DEVICE_FAMILY = "1,2";
			};
			name = Release;
		};
/* End XCBuildConfiguration section */

/* Begin XCConfigurationList section */
		D00337492A23DC3B00F4F519 /* Build configuration list for PBXProject "LearningCollectionView" */ = {
			isa = XCConfigurationList;
			buildConfigurations = (
				D00337602A23DC3C00F4F519 /* Debug */,
				D00337612A23DC3C00F4F519 /* Release */,
			);
			defaultConfigurationIsVisible = 0;
			defaultConfigurationName = Release;
		};
		D00337622A23DC3C00F4F519 /* Build configuration list for PBXNativeTarget "LearningCollectionView" */ = {
			isa = XCConfigurationList;
			buildConfigurations = (
				D00337632A23DC3C00F4F519 /* Debug */,
				D00337642A23DC3C00F4F519 /* Release */,
			);
			defaultConfigurationIsVisible = 0;
			defaultConfigurationName = Release;
		};
/* End XCConfigurationList section */
	};
	rootObject = D00337462A23DC3B00F4F519 /* Project object */;
}
